Microsoft Visual Studio Solution File, Format Version 12.00
# Visual Studio Version 17
VisualStudioVersion = 17.5.2.0
MinimumVisualStudioVersion = 10.0.40219.1
Project("{FAE04EC0-301F-11D3-BF4B-00C04F79EFBC}") = "BlossomFinds.Api", "BlossomFinds.Api\BlossomFinds.Api.csproj", "{0D7FCDB6-23A1-7EFB-4D8E-999FFAC02DEF}"
EndProject
Global
	GlobalSection(SolutionConfigurationPlatforms) = preSolution
		Debug|Any CPU = Debug|Any CPU
		Release|Any CPU = Release|Any CPU
	EndGlobalSection
	GlobalSection(ProjectConfigurationPlatforms) = postSolution
		{0D7FCDB6-23A1-7EFB-4D8E-999FFAC02DEF}.Debug|Any CPU.ActiveCfg = Debug|Any CPU
		{0D7FCDB6-23A1-7EFB-4D8E-999FFAC02DEF}.Debug|Any CPU.Build.0 = Debug|Any CPU
		{0D7FCDB6-23A1-7EFB-4D8E-999FFAC02DEF}.Release|Any CPU.ActiveCfg = Release|Any CPU
		{0D7FCDB6-23A1-7EFB-4D8E-999FFAC02DEF}.Release|Any CPU.Build.0 = Release|Any CPU
	EndGlobalSection
	GlobalSection(SolutionProperties) = preSolution
		HideSolutionNode = FALSE
	EndGlobalSection
	GlobalSection(ExtensibilityGlobals) = postSolution
		SolutionGuid = {ECAA34A4-8F9F-4061-B8D3-ABA038DE5042}
	EndGlobalSection
EndGlobal
